
Microsoft Visual Studio Solution File, Format Version 12.00
# Visual Studio Version 17
VisualStudioVersion = 17.13.35919.96 d17.13
MinimumVisualStudioVersion = 10.0.40219.1
Project("{FAE04EC0-301F-11D3-BF4B-00C04F79EFBC}") = "Ejerciciolistas1", "Ejerciciolistas1\Ejerciciolistas1.csproj", "{DBBFFF1C-46D3-4410-B828-C40667B37B6F}"
EndProject
Global
	GlobalSection(SolutionConfigurationPlatforms) = preSolution
		Debug|Any CPU = Debug|Any CPU
		Release|Any CPU = Release|Any CPU
	EndGlobalSection
	GlobalSection(ProjectConfigurationPlatforms) = postSolution
		{DBBFFF1C-46D3-4410-B828-C40667B37B6F}.Debug|Any CPU.ActiveCfg = Debug|Any CPU
		{DBBFFF1C-46D3-4410-B828-C40667B37B6F}.Debug|Any CPU.Build.0 = Debug|Any CPU
		{DBBFFF1C-46D3-4410-B828-C40667B37B6F}.Release|Any CPU.ActiveCfg = Release|Any CPU
		{DBBFFF1C-46D3-4410-B828-C40667B37B6F}.Release|Any CPU.Build.0 = Release|Any CPU
	EndGlobalSection
	GlobalSection(SolutionProperties) = preSolution
		HideSolutionNode = FALSE
	EndGlobalSection
	GlobalSection(ExtensibilityGlobals) = postSolution
		SolutionGuid = {E236D465-2D5A-4969-B147-0DB174A0AFF6}
	EndGlobalSection
EndGlobal
