
Microsoft Visual Studio Solution File, Format Version 12.00
# Visual Studio Version 17
VisualStudioVersion = 17.13.35919.96 d17.13
MinimumVisualStudioVersion = 10.0.40219.1
Project("{FAE04EC0-301F-11D3-BF4B-00C04F79EFBC}") = "Array1dimension2", "Array1dimension2\Array1dimension2.csproj", "{1A18B01C-608F-448E-8C4C-A1CF8E406046}"
EndProject
Global
	GlobalSection(SolutionConfigurationPlatforms) = preSolution
		Debug|Any CPU = Debug|Any CPU
		Release|Any CPU = Release|Any CPU
	EndGlobalSection
	GlobalSection(ProjectConfigurationPlatforms) = postSolution
		{1A18B01C-608F-448E-8C4C-A1CF8E406046}.Debug|Any CPU.ActiveCfg = Debug|Any CPU
		{1A18B01C-608F-448E-8C4C-A1CF8E406046}.Debug|Any CPU.Build.0 = Debug|Any CPU
		{1A18B01C-608F-448E-8C4C-A1CF8E406046}.Release|Any CPU.ActiveCfg = Release|Any CPU
		{1A18B01C-608F-448E-8C4C-A1CF8E406046}.Release|Any CPU.Build.0 = Release|Any CPU
	EndGlobalSection
	GlobalSection(SolutionProperties) = preSolution
		HideSolutionNode = FALSE
	EndGlobalSection
	GlobalSection(ExtensibilityGlobals) = postSolution
		SolutionGuid = {47D2CDA1-30A2-4E88-B3DB-2C109BE72807}
	EndGlobalSection
EndGlobal
